
Microsoft Visual Studio Solution File, Format Version 12.00
# Visual Studio Version 17
VisualStudioVersion = 17.14.36203.30 d17.14
MinimumVisualStudioVersion = 10.0.40219.1
Project("{9A19103F-16F7-4668-BE54-9A1E7A4F7556}") = "ESI.NET", "ESI.NET\ESI.NET.csproj", "{64F5964F-B659-4EF2-B4ED-45C4F8857012}"
EndProject
Global
	GlobalSection(SolutionConfigurationPlatforms) = preSolution
		Debug|Any CPU = Debug|Any CPU
		Debug|x64 = Debug|x64
		Release|Any CPU = Release|Any CPU
		Release|x64 = Release|x64
	EndGlobalSection
	GlobalSection(ProjectConfigurationPlatforms) = postSolution
		{64F5964F-B659-4EF2-B4ED-45C4F8857012}.Debug|Any CPU.ActiveCfg = Debug|x64
		{64F5964F-B659-4EF2-B4ED-45C4F8857012}.Debug|x64.ActiveCfg = Debug|x64
		{64F5964F-B659-4EF2-B4ED-45C4F8857012}.Debug|x64.Build.0 = Debug|x64
		{64F5964F-B659-4EF2-B4ED-45C4F8857012}.Release|Any CPU.ActiveCfg = Release|x64
		{64F5964F-B659-4EF2-B4ED-45C4F8857012}.Release|x64.ActiveCfg = Release|x64
		{64F5964F-B659-4EF2-B4ED-45C4F8857012}.Release|x64.Build.0 = Release|x64
	EndGlobalSection
	GlobalSection(SolutionProperties) = preSolution
		HideSolutionNode = FALSE
	EndGlobalSection
	GlobalSection(ExtensibilityGlobals) = postSolution
		SolutionGuid = {0222FDF9-CB59-447A-A88B-C9513544E392}
	EndGlobalSection
EndGlobal
